
Microsoft Visual Studio Solution File, Format Version 12.00
# Visual Studio Version 17
VisualStudioVersion = 17.10.35004.147
MinimumVisualStudioVersion = 10.0.40219.1
Project("{FAE04EC0-301F-11D3-BF4B-00C04F79EFBC}") = "RazorPagesBook", "RazorPagesBook.csproj", "{2FE6D05D-E92A-410C-9AFD-FFD05CA95631}"
EndProject
Global
	GlobalSection(SolutionConfigurationPlatforms) = preSolution
		Debug|Any CPU = Debug|Any CPU
		Release|Any CPU = Release|Any CPU
	EndGlobalSection
	GlobalSection(ProjectConfigurationPlatforms) = postSolution
		{2FE6D05D-E92A-410C-9AFD-FFD05CA95631}.Debug|Any CPU.ActiveCfg = Debug|Any CPU
		{2FE6D05D-E92A-410C-9AFD-FFD05CA95631}.Debug|Any CPU.Build.0 = Debug|Any CPU
		{2FE6D05D-E92A-410C-9AFD-FFD05CA95631}.Release|Any CPU.ActiveCfg = Release|Any CPU
		{2FE6D05D-E92A-410C-9AFD-FFD05CA95631}.Release|Any CPU.Build.0 = Release|Any CPU
	EndGlobalSection
	GlobalSection(SolutionProperties) = preSolution
		HideSolutionNode = FALSE
	EndGlobalSection
	GlobalSection(ExtensibilityGlobals) = postSolution
		SolutionGuid = {395A9E33-E2E4-4637-936F-57796A663F9F}
	EndGlobalSection
EndGlobal
